// !$*UTF8*$!
{
	archiveVersion = 1;
	classes = {
	};
	objectVersion = 47;
	objects = {

/* Begin PBXContainerItemProxy section */
		D99427CA1D12F13900280D91 /* PBXContainerItemProxy */ = {
			isa = PBXContainerItemProxy;
			containerPortal = D99427C61D12F13900280D91 /* DNSPing.xcodeproj */;
			proxyType = 2;
			remoteGlobalIDString = D99427BC1D12F0FE00280D91;
			remoteInfo = DNSPing;
		};
		D99427ED1D12F23B00280D91 /* PBXContainerItemProxy */ = {
			isa = PBXContainerItemProxy;
			containerPortal = D99427E91D12F23B00280D91 /* FileHash.xcodeproj */;
			proxyType = 2;
			remoteGlobalIDString = D99427D51D12F15900280D91;
			remoteInfo = FileHash;
		};
/* End PBXContainerItemProxy section */

/* Begin PBXCopyFilesBuildPhase section */
		D99427A71D12F00900280D91 /* CopyFiles */ = {
			isa = PBXCopyFilesBuildPhase;
			buildActionMask = 2147483647;
			dstPath = /usr/share/man/man1/;
			dstSubfolderSpec = 0;
			files = (
			);
			runOnlyForDeploymentPostprocessing = 1;
		};
/* End PBXCopyFilesBuildPhase section */

/* Begin PBXFileReference section */
		D942EC641D12F2D000F7C65A /* Toolkit */ = {isa = PBXFileReference; explicitFileType = "compiled.mach-o.executable"; includeInIndex = 0; path = Toolkit; sourceTree = BUILT_PRODUCTS_DIR; };
		D99427C61D12F13900280D91 /* DNSPing.xcodeproj */ = {isa = PBXFileReference; lastKnownFileType = "wrapper.pb-project"; path = DNSPing.xcodeproj; sourceTree = "<group>"; };
		D99427E91D12F23B00280D91 /* FileHash.xcodeproj */ = {isa = PBXFileReference; lastKnownFileType = "wrapper.pb-project"; path = FileHash.xcodeproj; sourceTree = "<group>"; };
/* End PBXFileReference section */

/* Begin PBXFrameworksBuildPhase section */
		D99427A61D12F00900280D91 /* Frameworks */ = {
			isa = PBXFrameworksBuildPhase;
			buildActionMask = 2147483647;
			files = (
			);
			runOnlyForDeploymentPostprocessing = 0;
		};
/* End PBXFrameworksBuildPhase section */

/* Begin PBXGroup section */
		D99427A01D12F00900280D91 = {
			isa = PBXGroup;
			children = (
				D99427E91D12F23B00280D91 /* FileHash.xcodeproj */,
				D99427C61D12F13900280D91 /* DNSPing.xcodeproj */,
				D942EC641D12F2D000F7C65A /* Toolkit */,
			);
			sourceTree = "<group>";
		};
		D99427C71D12F13900280D91 /* Products */ = {
			isa = PBXGroup;
			children = (
				D99427CB1D12F13900280D91 /* DNSPing */,
			);
			name = Products;
			sourceTree = "<group>";
		};
		D99427EA1D12F23B00280D91 /* Products */ = {
			isa = PBXGroup;
			children = (
				D99427EE1D12F23B00280D91 /* FileHash */,
			);
			name = Products;
			sourceTree = "<group>";
		};
/* End PBXGroup section */

/* Begin PBXNativeTarget section */
		D99427A81D12F00900280D91 /* Toolkit */ = {
			isa = PBXNativeTarget;
			buildConfigurationList = D99427B01D12F00900280D91 /* Build configuration list for PBXNativeTarget "Toolkit" */;
			buildPhases = (
				D99427A51D12F00900280D91 /* Sources */,
				D99427A61D12F00900280D91 /* Frameworks */,
				D99427A71D12F00900280D91 /* CopyFiles */,
			);
			buildRules = (
			);
			dependencies = (
			);
			name = Toolkit;
			productName = Toolkit;
			productReference = D942EC641D12F2D000F7C65A /* Toolkit */;
			productType = "com.apple.product-type.tool";
		};
/* End PBXNativeTarget section */

/* Begin PBXProject section */
		D99427A11D12F00900280D91 /* Project object */ = {
			isa = PBXProject;
			attributes = {
				LastUpgradeCheck = 0720;
				ORGANIZATIONNAME = Chengr28;
				TargetAttributes = {
					D99427A81D12F00900280D91 = {
						CreatedOnToolsVersion = 7.2.1;
					};
				};
			};
			buildConfigurationList = D99427A41D12F00900280D91 /* Build configuration list for PBXProject "Toolkit" */;
			compatibilityVersion = "Xcode 6.3";
			developmentRegion = English;
			hasScannedForEncodings = 0;
			knownRegions = (
				en,
			);
			mainGroup = D99427A01D12F00900280D91;
			productRefGroup = D99427A01D12F00900280D91;
			projectDirPath = "";
			projectReferences = (
				{
					ProductGroup = D99427C71D12F13900280D91 /* Products */;
					ProjectRef = D99427C61D12F13900280D91 /* DNSPing.xcodeproj */;
				},
				{
					ProductGroup = D99427EA1D12F23B00280D91 /* Products */;
					ProjectRef = D99427E91D12F23B00280D91 /* FileHash.xcodeproj */;
				},
			);
			projectRoot = "";
			targets = (
				D99427A81D12F00900280D91 /* Toolkit */,
			);
		};
/* End PBXProject section */

/* Begin PBXReferenceProxy section */
		D99427CB1D12F13900280D91 /* DNSPing */ = {
			isa = PBXReferenceProxy;
			fileType = "compiled.mach-o.executable";
			path = DNSPing;
			remoteRef = D99427CA1D12F13900280D91 /* PBXContainerItemProxy */;
			sourceTree = BUILT_PRODUCTS_DIR;
		};
		D99427EE1D12F23B00280D91 /* FileHash */ = {
			isa = PBXReferenceProxy;
			fileType = "compiled.mach-o.executable";
			path = FileHash;
			remoteRef = D99427ED1D12F23B00280D91 /* PBXContainerItemProxy */;
			sourceTree = BUILT_PRODUCTS_DIR;
		};
/* End PBXReferenceProxy section */

/* Begin PBXSourcesBuildPhase section */
		D99427A51D12F00900280D91 /* Sources */ = {
			isa = PBXSourcesBuildPhase;
			buildActionMask = 2147483647;
			files = (
			);
			runOnlyForDeploymentPostprocessing = 0;
		};
/* End PBXSourcesBuildPhase section */

/* Begin XCBuildConfiguration section */
		D99427AE1D12F00900280D91 /* Debug */ = {
			isa = XCBuildConfiguration;
			buildSettings = {
				ALWAYS_SEARCH_USER_PATHS = NO;
				CLANG_CXX_LANGUAGE_STANDARD = "gnu++0x";
				CLANG_CXX_LIBRARY = "libc++";
				CLANG_ENABLE_MODULES = YES;
				CLANG_ENABLE_OBJC_ARC = YES;
				CLANG_WARN_BOOL_CONVERSION = YES;
				CLANG_WARN_CONSTANT_CONVERSION = YES;
				CLANG_WARN_DIRECT_OBJC_ISA_USAGE = YES_ERROR;
				CLANG_WARN_EMPTY_BODY = YES;
				CLANG_WARN_ENUM_CONVERSION = YES;
				CLANG_WARN_INT_CONVERSION = YES;
				CLANG_WARN_OBJC_ROOT_CLASS = YES_ERROR;
				CLANG_WARN_UNREACHABLE_CODE = YES;
				CLANG_WARN__DUPLICATE_METHOD_MATCH = YES;
				CODE_SIGN_IDENTITY = "-";
				COPY_PHASE_STRIP = NO;
				DEBUG_INFORMATION_FORMAT = dwarf;
				ENABLE_STRICT_OBJC_MSGSEND = YES;
				ENABLE_TESTABILITY = YES;
				GCC_C_LANGUAGE_STANDARD = gnu99;
				GCC_DYNAMIC_NO_PIC = NO;
				GCC_NO_COMMON_BLOCKS = YES;
				GCC_OPTIMIZATION_LEVEL = 0;
				GCC_PREPROCESSOR_DEFINITIONS = (
					"DEBUG=1",
					"$(inherited)",
				);
				GCC_WARN_64_TO_32_BIT_CONVERSION = YES;
				GCC_WARN_ABOUT_RETURN_TYPE = YES_ERROR;
				GCC_WARN_UNDECLARED_SELECTOR = YES;
				GCC_WARN_UNINITIALIZED_AUTOS = YES_AGGRESSIVE;
				GCC_WARN_UNUSED_FUNCTION = YES;
				GCC_WARN_UNUSED_VARIABLE = YES;
				MACOSX_DEPLOYMENT_TARGET = 10.7;
				MTL_ENABLE_DEBUG_INFO = YES;
				ONLY_ACTIVE_ARCH = YES;
				SDKROOT = macosx;
			};
			name = Debug;
		};
		D99427AF1D12F00900280D91 /* Release */ = {
			isa = XCBuildConfiguration;
			buildSettings = {
				ALWAYS_SEARCH_USER_PATHS = NO;
				CLANG_CXX_LANGUAGE_STANDARD = "gnu++0x";
				CLANG_CXX_LIBRARY = "libc++";
				CLANG_ENABLE_MODULES = YES;
				CLANG_ENABLE_OBJC_ARC = YES;
				CLANG_WARN_BOOL_CONVERSION = YES;
				CLANG_WARN_CONSTANT_CONVERSION = YES;
				CLANG_WARN_DIRECT_OBJC_ISA_USAGE = YES_ERROR;
				CLANG_WARN_EMPTY_BODY = YES;
				CLANG_WARN_ENUM_CONVERSION = YES;
				CLANG_WARN_INT_CONVERSION = YES;
				CLANG_WARN_OBJC_ROOT_CLASS = YES_ERROR;
				CLANG_WARN_UNREACHABLE_CODE = YES;
				CLANG_WARN__DUPLICATE_METHOD_MATCH = YES;
				CODE_SIGN_IDENTITY = "-";
				COPY_PHASE_STRIP = NO;
				DEBUG_INFORMATION_FORMAT = "dwarf-with-dsym";
				ENABLE_NS_ASSERTIONS = NO;
				ENABLE_STRICT_OBJC_MSGSEND = YES;
				GCC_C_LANGUAGE_STANDARD = gnu99;
				GCC_NO_COMMON_BLOCKS = YES;
				GCC_WARN_64_TO_32_BIT_CONVERSION = YES;
				GCC_WARN_ABOUT_RETURN_TYPE = YES_ERROR;
				GCC_WARN_UNDECLARED_SELECTOR = YES;
				GCC_WARN_UNINITIALIZED_AUTOS = YES_AGGRESSIVE;
				GCC_WARN_UNUSED_FUNCTION = YES;
				GCC_WARN_UNUSED_VARIABLE = YES;
				MACOSX_DEPLOYMENT_TARGET = 10.7;
				MTL_ENABLE_DEBUG_INFO = NO;
				SDKROOT = macosx;
			};
			name = Release;
		};
		D99427B11D12F00900280D91 /* Debug */ = {
			isa = XCBuildConfiguration;
			buildSettings = {
				PRODUCT_NAME = "$(TARGET_NAME)";
			};
			name = Debug;
		};
		D99427B21D12F00900280D91 /* Release */ = {
			isa = XCBuildConfiguration;
			buildSettings = {
				PRODUCT_NAME = "$(TARGET_NAME)";
			};
			name = Release;
		};
/* End XCBuildConfiguration section */

/* Begin XCConfigurationList section */
		D99427A41D12F00900280D91 /* Build configuration list for PBXProject "Toolkit" */ = {
			isa = XCConfigurationList;
			buildConfigurations = (
				D99427AE1D12F00900280D91 /* Debug */,
				D99427AF1D12F00900280D91 /* Release */,
			);
			defaultConfigurationIsVisible = 0;
			defaultConfigurationName = Release;
		};
		D99427B01D12F00900280D91 /* Build configuration list for PBXNativeTarget "Toolkit" */ = {
			isa = XCConfigurationList;
			buildConfigurations = (
				D99427B11D12F00900280D91 /* Debug */,
				D99427B21D12F00900280D91 /* Release */,
			);
			defaultConfigurationIsVisible = 0;
			defaultConfigurationName = Release;
		};
/* End XCConfigurationList section */
	};
	rootObject = D99427A11D12F00900280D91 /* Project object */;
}
