// !$*UTF8*$!
{
	archiveVersion = 1;
	classes = {
	};
	objectVersion = 46;
	objects = {

/* Begin PBXBuildFile section */
		D9AC82BA1C68764100619942 /* Console.cpp in Sources */ = {isa = PBXBuildFile; fileRef = D9AC82AE1C68764100619942 /* Console.cpp */; };
		D9AC82BB1C68764100619942 /* Main.cpp in Sources */ = {isa = PBXBuildFile; fileRef = D9AC82B01C68764100619942 /* Main.cpp */; };
		D9AC82BC1C68764100619942 /* Process.cpp in Sources */ = {isa = PBXBuildFile; fileRef = D9AC82B21C68764100619942 /* Process.cpp */; };
		D9AC82BD1C68764100619942 /* Protocol.cpp in Sources */ = {isa = PBXBuildFile; fileRef = D9AC82B41C68764100619942 /* Protocol.cpp */; };
		D9AC82BE1C68764100619942 /* Resolver.cpp in Sources */ = {isa = PBXBuildFile; fileRef = D9AC82B61C68764100619942 /* Resolver.cpp */; };
		D9AC82BF1C68764100619942 /* Terminal.cpp in Sources */ = {isa = PBXBuildFile; fileRef = D9AC82B81C68764100619942 /* Terminal.cpp */; };
/* End PBXBuildFile section */

/* Begin PBXCopyFilesBuildPhase section */
		D98B82AE1C6875A0003F7018 /* CopyFiles */ = {
			isa = PBXCopyFilesBuildPhase;
			buildActionMask = 2147483647;
			dstPath = /usr/share/man/man1/;
			dstSubfolderSpec = 0;
			files = (
			);
			runOnlyForDeploymentPostprocessing = 1;
		};
/* End PBXCopyFilesBuildPhase section */

/* Begin PBXFileReference section */
		D98B82B01C6875A0003F7018 /* DNSPing */ = {isa = PBXFileReference; explicitFileType = "compiled.mach-o.executable"; includeInIndex = 0; path = DNSPing; sourceTree = BUILT_PRODUCTS_DIR; };
		D9989D721C771EB000A5B435 /* Process.h */ = {isa = PBXFileReference; fileEncoding = 4; lastKnownFileType = sourcecode.c.h; path = Process.h; sourceTree = "<group>"; };
		D9AC82AD1C68764100619942 /* Base.h */ = {isa = PBXFileReference; fileEncoding = 4; lastKnownFileType = sourcecode.c.h; path = Base.h; sourceTree = "<group>"; };
		D9AC82AE1C68764100619942 /* Console.cpp */ = {isa = PBXFileReference; fileEncoding = 4; lastKnownFileType = sourcecode.cpp.cpp; path = Console.cpp; sourceTree = "<group>"; };
		D9AC82B01C68764100619942 /* Main.cpp */ = {isa = PBXFileReference; fileEncoding = 4; lastKnownFileType = sourcecode.cpp.cpp; path = Main.cpp; sourceTree = "<group>"; };
		D9AC82B11C68764100619942 /* Main.h */ = {isa = PBXFileReference; fileEncoding = 4; lastKnownFileType = sourcecode.c.h; path = Main.h; sourceTree = "<group>"; };
		D9AC82B21C68764100619942 /* Process.cpp */ = {isa = PBXFileReference; fileEncoding = 4; lastKnownFileType = sourcecode.cpp.cpp; path = Process.cpp; sourceTree = "<group>"; };
		D9AC82B41C68764100619942 /* Protocol.cpp */ = {isa = PBXFileReference; fileEncoding = 4; lastKnownFileType = sourcecode.cpp.cpp; path = Protocol.cpp; sourceTree = "<group>"; };
		D9AC82B61C68764100619942 /* Resolver.cpp */ = {isa = PBXFileReference; fileEncoding = 4; lastKnownFileType = sourcecode.cpp.cpp; path = Resolver.cpp; sourceTree = "<group>"; };
		D9AC82B71C68764100619942 /* Resolver.h */ = {isa = PBXFileReference; fileEncoding = 4; lastKnownFileType = sourcecode.c.h; path = Resolver.h; sourceTree = "<group>"; };
		D9AC82B81C68764100619942 /* Terminal.cpp */ = {isa = PBXFileReference; fileEncoding = 4; lastKnownFileType = sourcecode.cpp.cpp; path = Terminal.cpp; sourceTree = "<group>"; };
		D9AFAEAB1CF8AB1E00A2C1B6 /* Protocol.h */ = {isa = PBXFileReference; fileEncoding = 4; lastKnownFileType = sourcecode.c.h; path = Protocol.h; sourceTree = "<group>"; };
		D9AFAEAC1CF8AB2B00A2C1B6 /* Structures.h */ = {isa = PBXFileReference; fileEncoding = 4; lastKnownFileType = sourcecode.c.h; path = Structures.h; sourceTree = "<group>"; };
		D9EDE1D41CF19260001B6121 /* ReadMe.txt */ = {isa = PBXFileReference; fileEncoding = 4; lastKnownFileType = text; name = ReadMe.txt; path = Documents/ReadMe.txt; sourceTree = "<group>"; };
		D9EDE1D51CF19260001B6121 /* ReadMe(zh_Hans).txt */ = {isa = PBXFileReference; fileEncoding = 4; lastKnownFileType = text; name = "ReadMe(zh_Hans).txt"; path = "Documents/ReadMe(zh_Hans).txt"; sourceTree = "<group>"; };
		D9EDE1D61CF19260001B6121 /* ReadMe(zh_Hant).txt */ = {isa = PBXFileReference; fileEncoding = 4; lastKnownFileType = text; name = "ReadMe(zh_Hant).txt"; path = "Documents/ReadMe(zh_Hant).txt"; sourceTree = "<group>"; };
		D9EDE1D71CF1926F001B6121 /* CMakeLists.txt */ = {isa = PBXFileReference; fileEncoding = 4; lastKnownFileType = text; path = CMakeLists.txt; sourceTree = "<group>"; };
/* End PBXFileReference section */

/* Begin PBXFrameworksBuildPhase section */
		D98B82AD1C6875A0003F7018 /* Frameworks */ = {
			isa = PBXFrameworksBuildPhase;
			buildActionMask = 2147483647;
			files = (
			);
			runOnlyForDeploymentPostprocessing = 0;
		};
/* End PBXFrameworksBuildPhase section */

/* Begin PBXGroup section */
		D98B82A71C6875A0003F7018 = {
			isa = PBXGroup;
			children = (
				D9EDE1D31CF19252001B6121 /* Documents */,
				D98B82B21C6875A0003F7018 /* DNSPing */,
				D98B82B11C6875A0003F7018 /* Products */,
			);
			sourceTree = "<group>";
		};
		D98B82B11C6875A0003F7018 /* Products */ = {
			isa = PBXGroup;
			children = (
				D98B82B01C6875A0003F7018 /* DNSPing */,
			);
			name = Products;
			sourceTree = "<group>";
		};
		D98B82B21C6875A0003F7018 /* DNSPing */ = {
			isa = PBXGroup;
			children = (
				D9AC82AE1C68764100619942 /* Console.cpp */,
				D9AC82B01C68764100619942 /* Main.cpp */,
				D9AC82B21C68764100619942 /* Process.cpp */,
				D9AC82B41C68764100619942 /* Protocol.cpp */,
				D9AC82B61C68764100619942 /* Resolver.cpp */,
				D9AC82B81C68764100619942 /* Terminal.cpp */,
				D9AC82AD1C68764100619942 /* Base.h */,
				D9AC82B11C68764100619942 /* Main.h */,
				D9989D721C771EB000A5B435 /* Process.h */,
				D9AFAEAB1CF8AB1E00A2C1B6 /* Protocol.h */,
				D9AC82B71C68764100619942 /* Resolver.h */,
				D9AFAEAC1CF8AB2B00A2C1B6 /* Structures.h */,
				D9EDE1D71CF1926F001B6121 /* CMakeLists.txt */,
			);
			path = DNSPing;
			sourceTree = "<group>";
		};
		D9EDE1D31CF19252001B6121 /* Documents */ = {
			isa = PBXGroup;
			children = (
				D9EDE1D41CF19260001B6121 /* ReadMe.txt */,
				D9EDE1D51CF19260001B6121 /* ReadMe(zh_Hans).txt */,
				D9EDE1D61CF19260001B6121 /* ReadMe(zh_Hant).txt */,
			);
			name = Documents;
			sourceTree = "<group>";
		};
/* End PBXGroup section */

/* Begin PBXNativeTarget section */
		D98B82AF1C6875A0003F7018 /* DNSPing */ = {
			isa = PBXNativeTarget;
			buildConfigurationList = D98B82B71C6875A0003F7018 /* Build configuration list for PBXNativeTarget "DNSPing" */;
			buildPhases = (
				D98B82AC1C6875A0003F7018 /* Sources */,
				D98B82AD1C6875A0003F7018 /* Frameworks */,
				D98B82AE1C6875A0003F7018 /* CopyFiles */,
			);
			buildRules = (
			);
			dependencies = (
			);
			name = DNSPing;
			productName = DNSPing;
			productReference = D98B82B01C6875A0003F7018 /* DNSPing */;
			productType = "com.apple.product-type.tool";
		};
/* End PBXNativeTarget section */

/* Begin PBXProject section */
		D98B82A81C6875A0003F7018 /* Project object */ = {
			isa = PBXProject;
			attributes = {
				LastUpgradeCheck = 0710;
				ORGANIZATIONNAME = Chengr28;
				TargetAttributes = {
					D98B82AF1C6875A0003F7018 = {
						CreatedOnToolsVersion = 7.1.1;
					};
				};
			};
			buildConfigurationList = D98B82AB1C6875A0003F7018 /* Build configuration list for PBXProject "DNSPing" */;
			compatibilityVersion = "Xcode 3.2";
			developmentRegion = English;
			hasScannedForEncodings = 0;
			knownRegions = (
				en,
			);
			mainGroup = D98B82A71C6875A0003F7018;
			productRefGroup = D98B82B11C6875A0003F7018 /* Products */;
			projectDirPath = "";
			projectRoot = "";
			targets = (
				D98B82AF1C6875A0003F7018 /* DNSPing */,
			);
		};
/* End PBXProject section */

/* Begin PBXSourcesBuildPhase section */
		D98B82AC1C6875A0003F7018 /* Sources */ = {
			isa = PBXSourcesBuildPhase;
			buildActionMask = 2147483647;
			files = (
				D9AC82BB1C68764100619942 /* Main.cpp in Sources */,
				D9AC82BC1C68764100619942 /* Process.cpp in Sources */,
				D9AC82BA1C68764100619942 /* Console.cpp in Sources */,
				D9AC82BF1C68764100619942 /* Terminal.cpp in Sources */,
				D9AC82BE1C68764100619942 /* Resolver.cpp in Sources */,
				D9AC82BD1C68764100619942 /* Protocol.cpp in Sources */,
			);
			runOnlyForDeploymentPostprocessing = 0;
		};
/* End PBXSourcesBuildPhase section */

/* Begin XCBuildConfiguration section */
		D98B82B51C6875A0003F7018 /* Debug */ = {
			isa = XCBuildConfiguration;
			buildSettings = {
				ALWAYS_SEARCH_USER_PATHS = NO;
				CLANG_CXX_LANGUAGE_STANDARD = "gnu++0x";
				CLANG_CXX_LIBRARY = "libc++";
				CLANG_ENABLE_MODULES = YES;
				CLANG_ENABLE_OBJC_ARC = YES;
				CLANG_WARN_BOOL_CONVERSION = YES;
				CLANG_WARN_CONSTANT_CONVERSION = YES;
				CLANG_WARN_DIRECT_OBJC_ISA_USAGE = YES_ERROR;
				CLANG_WARN_EMPTY_BODY = YES;
				CLANG_WARN_ENUM_CONVERSION = YES;
				CLANG_WARN_INT_CONVERSION = YES;
				CLANG_WARN_OBJC_ROOT_CLASS = YES_ERROR;
				CLANG_WARN_UNREACHABLE_CODE = YES;
				CLANG_WARN__DUPLICATE_METHOD_MATCH = YES;
				CODE_SIGN_IDENTITY = "-";
				COPY_PHASE_STRIP = NO;
				DEBUG_INFORMATION_FORMAT = dwarf;
				ENABLE_STRICT_OBJC_MSGSEND = YES;
				ENABLE_TESTABILITY = YES;
				GCC_C_LANGUAGE_STANDARD = gnu99;
				GCC_DYNAMIC_NO_PIC = NO;
				GCC_NO_COMMON_BLOCKS = YES;
				GCC_OPTIMIZATION_LEVEL = 0;
				GCC_PREPROCESSOR_DEFINITIONS = (
					"DEBUG=1",
					"$(inherited)",
				);
				GCC_WARN_64_TO_32_BIT_CONVERSION = YES;
				GCC_WARN_ABOUT_RETURN_TYPE = YES_ERROR;
				GCC_WARN_UNDECLARED_SELECTOR = YES;
				GCC_WARN_UNINITIALIZED_AUTOS = YES_AGGRESSIVE;
				GCC_WARN_UNUSED_FUNCTION = YES;
				GCC_WARN_UNUSED_VARIABLE = YES;
				MACOSX_DEPLOYMENT_TARGET = 10.7;
				MTL_ENABLE_DEBUG_INFO = YES;
				ONLY_ACTIVE_ARCH = YES;
				SDKROOT = macosx;
			};
			name = Debug;
		};
		D98B82B61C6875A0003F7018 /* Release */ = {
			isa = XCBuildConfiguration;
			buildSettings = {
				ALWAYS_SEARCH_USER_PATHS = NO;
				CLANG_CXX_LANGUAGE_STANDARD = "gnu++0x";
				CLANG_CXX_LIBRARY = "libc++";
				CLANG_ENABLE_MODULES = YES;
				CLANG_ENABLE_OBJC_ARC = YES;
				CLANG_WARN_BOOL_CONVERSION = YES;
				CLANG_WARN_CONSTANT_CONVERSION = YES;
				CLANG_WARN_DIRECT_OBJC_ISA_USAGE = YES_ERROR;
				CLANG_WARN_EMPTY_BODY = YES;
				CLANG_WARN_ENUM_CONVERSION = YES;
				CLANG_WARN_INT_CONVERSION = YES;
				CLANG_WARN_OBJC_ROOT_CLASS = YES_ERROR;
				CLANG_WARN_UNREACHABLE_CODE = YES;
				CLANG_WARN__DUPLICATE_METHOD_MATCH = YES;
				CODE_SIGN_IDENTITY = "-";
				COPY_PHASE_STRIP = NO;
				DEBUG_INFORMATION_FORMAT = "dwarf-with-dsym";
				ENABLE_NS_ASSERTIONS = NO;
				ENABLE_STRICT_OBJC_MSGSEND = YES;
				GCC_C_LANGUAGE_STANDARD = gnu99;
				GCC_NO_COMMON_BLOCKS = YES;
				GCC_WARN_64_TO_32_BIT_CONVERSION = YES;
				GCC_WARN_ABOUT_RETURN_TYPE = YES_ERROR;
				GCC_WARN_UNDECLARED_SELECTOR = YES;
				GCC_WARN_UNINITIALIZED_AUTOS = YES_AGGRESSIVE;
				GCC_WARN_UNUSED_FUNCTION = YES;
				GCC_WARN_UNUSED_VARIABLE = YES;
				MACOSX_DEPLOYMENT_TARGET = 10.7;
				MTL_ENABLE_DEBUG_INFO = NO;
				SDKROOT = macosx;
			};
			name = Release;
		};
		D98B82B81C6875A0003F7018 /* Debug */ = {
			isa = XCBuildConfiguration;
			buildSettings = {
				PRODUCT_NAME = "$(TARGET_NAME)";
			};
			name = Debug;
		};
		D98B82B91C6875A0003F7018 /* Release */ = {
			isa = XCBuildConfiguration;
			buildSettings = {
				PRODUCT_NAME = "$(TARGET_NAME)";
			};
			name = Release;
		};
/* End XCBuildConfiguration section */

/* Begin XCConfigurationList section */
		D98B82AB1C6875A0003F7018 /* Build configuration list for PBXProject "DNSPing" */ = {
			isa = XCConfigurationList;
			buildConfigurations = (
				D98B82B51C6875A0003F7018 /* Debug */,
				D98B82B61C6875A0003F7018 /* Release */,
			);
			defaultConfigurationIsVisible = 0;
			defaultConfigurationName = Release;
		};
		D98B82B71C6875A0003F7018 /* Build configuration list for PBXNativeTarget "DNSPing" */ = {
			isa = XCConfigurationList;
			buildConfigurations = (
				D98B82B81C6875A0003F7018 /* Debug */,
				D98B82B91C6875A0003F7018 /* Release */,
			);
			defaultConfigurationIsVisible = 0;
			defaultConfigurationName = Release;
		};
/* End XCConfigurationList section */
	};
	rootObject = D98B82A81C6875A0003F7018 /* Project object */;
}
