// !$*UTF8*$!
{
	archiveVersion = 1;
	classes = {
	};
	objectVersion = 46;
	objects = {

/* Begin PBXBuildFile section */
		D93C25C11B034C2A00E98313 /* Process.cpp in Sources */ = {isa = PBXBuildFile; fileRef = D93C25BB1B034C2A00E98313 /* Process.cpp */; };
		D93C25C21B034C2A00E98313 /* Protocol.cpp in Sources */ = {isa = PBXBuildFile; fileRef = D93C25BD1B034C2A00E98313 /* Protocol.cpp */; };
		D93C25C31B034C2A00E98313 /* Resolver.cpp in Sources */ = {isa = PBXBuildFile; fileRef = D93C25BF1B034C2A00E98313 /* Resolver.cpp */; };
		D93C25C71B034C4B00E98313 /* Terminal.cpp in Sources */ = {isa = PBXBuildFile; fileRef = D93C25C51B034C4B00E98313 /* Terminal.cpp */; };
		D93C25C91B034D9900E98313 /* Main.cpp in Sources */ = {isa = PBXBuildFile; fileRef = D93C25C81B034D9900E98313 /* Main.cpp */; };
/* End PBXBuildFile section */

/* Begin PBXCopyFilesBuildPhase section */
		D93C25AD1B034B8300E98313 /* CopyFiles */ = {
			isa = PBXCopyFilesBuildPhase;
			buildActionMask = 2147483647;
			dstPath = /usr/share/man/man1/;
			dstSubfolderSpec = 0;
			files = (
			);
			runOnlyForDeploymentPostprocessing = 1;
		};
/* End PBXCopyFilesBuildPhase section */

/* Begin PBXFileReference section */
		D93C25AF1B034B8300E98313 /* DNSPing */ = {isa = PBXFileReference; explicitFileType = "compiled.mach-o.executable"; includeInIndex = 0; path = DNSPing; sourceTree = BUILT_PRODUCTS_DIR; };
		D93C25BA1B034C2A00E98313 /* Main.h */ = {isa = PBXFileReference; fileEncoding = 4; lastKnownFileType = sourcecode.c.h; path = Main.h; sourceTree = "<group>"; };
		D93C25BB1B034C2A00E98313 /* Process.cpp */ = {isa = PBXFileReference; fileEncoding = 4; lastKnownFileType = sourcecode.cpp.cpp; path = Process.cpp; sourceTree = "<group>"; };
		D93C25BC1B034C2A00E98313 /* Process.h */ = {isa = PBXFileReference; fileEncoding = 4; lastKnownFileType = sourcecode.c.h; path = Process.h; sourceTree = "<group>"; };
		D93C25BD1B034C2A00E98313 /* Protocol.cpp */ = {isa = PBXFileReference; fileEncoding = 4; lastKnownFileType = sourcecode.cpp.cpp; path = Protocol.cpp; sourceTree = "<group>"; };
		D93C25BE1B034C2A00E98313 /* Protocol.h */ = {isa = PBXFileReference; fileEncoding = 4; lastKnownFileType = sourcecode.c.h; path = Protocol.h; sourceTree = "<group>"; };
		D93C25BF1B034C2A00E98313 /* Resolver.cpp */ = {isa = PBXFileReference; fileEncoding = 4; lastKnownFileType = sourcecode.cpp.cpp; path = Resolver.cpp; sourceTree = "<group>"; };
		D93C25C01B034C2A00E98313 /* Resolver.h */ = {isa = PBXFileReference; fileEncoding = 4; lastKnownFileType = sourcecode.c.h; path = Resolver.h; sourceTree = "<group>"; };
		D93C25C41B034C3900E98313 /* Base.h */ = {isa = PBXFileReference; fileEncoding = 4; lastKnownFileType = sourcecode.c.h; path = Base.h; sourceTree = "<group>"; };
		D93C25C51B034C4B00E98313 /* Terminal.cpp */ = {isa = PBXFileReference; fileEncoding = 4; lastKnownFileType = sourcecode.cpp.cpp; path = Terminal.cpp; sourceTree = "<group>"; };
		D93C25C61B034C4B00E98313 /* Terminal.h */ = {isa = PBXFileReference; fileEncoding = 4; lastKnownFileType = sourcecode.c.h; path = Terminal.h; sourceTree = "<group>"; };
		D93C25C81B034D9900E98313 /* Main.cpp */ = {isa = PBXFileReference; fileEncoding = 4; lastKnownFileType = sourcecode.cpp.cpp; path = Main.cpp; sourceTree = "<group>"; };
/* End PBXFileReference section */

/* Begin PBXFrameworksBuildPhase section */
		D93C25AC1B034B8300E98313 /* Frameworks */ = {
			isa = PBXFrameworksBuildPhase;
			buildActionMask = 2147483647;
			files = (
			);
			runOnlyForDeploymentPostprocessing = 0;
		};
/* End PBXFrameworksBuildPhase section */

/* Begin PBXGroup section */
		D93C25A61B034B8300E98313 = {
			isa = PBXGroup;
			children = (
				D93C25B11B034B8300E98313 /* DNSPing */,
				D93C25B01B034B8300E98313 /* Products */,
			);
			sourceTree = "<group>";
		};
		D93C25B01B034B8300E98313 /* Products */ = {
			isa = PBXGroup;
			children = (
				D93C25AF1B034B8300E98313 /* DNSPing */,
			);
			name = Products;
			sourceTree = "<group>";
		};
		D93C25B11B034B8300E98313 /* DNSPing */ = {
			isa = PBXGroup;
			children = (
				D93C25C81B034D9900E98313 /* Main.cpp */,
				D93C25BB1B034C2A00E98313 /* Process.cpp */,
				D93C25BD1B034C2A00E98313 /* Protocol.cpp */,
				D93C25BF1B034C2A00E98313 /* Resolver.cpp */,
				D93C25C51B034C4B00E98313 /* Terminal.cpp */,
				D93C25C41B034C3900E98313 /* Base.h */,
				D93C25BA1B034C2A00E98313 /* Main.h */,
				D93C25BC1B034C2A00E98313 /* Process.h */,
				D93C25BE1B034C2A00E98313 /* Protocol.h */,
				D93C25C01B034C2A00E98313 /* Resolver.h */,
				D93C25C61B034C4B00E98313 /* Terminal.h */,
			);
			path = DNSPing;
			sourceTree = "<group>";
		};
/* End PBXGroup section */

/* Begin PBXNativeTarget section */
		D93C25AE1B034B8300E98313 /* DNSPing */ = {
			isa = PBXNativeTarget;
			buildConfigurationList = D93C25B61B034B8300E98313 /* Build configuration list for PBXNativeTarget "DNSPing" */;
			buildPhases = (
				D93C25AB1B034B8300E98313 /* Sources */,
				D93C25AC1B034B8300E98313 /* Frameworks */,
				D93C25AD1B034B8300E98313 /* CopyFiles */,
			);
			buildRules = (
			);
			dependencies = (
			);
			name = DNSPing;
			productName = DNSPing;
			productReference = D93C25AF1B034B8300E98313 /* DNSPing */;
			productType = "com.apple.product-type.tool";
		};
/* End PBXNativeTarget section */

/* Begin PBXProject section */
		D93C25A71B034B8300E98313 /* Project object */ = {
			isa = PBXProject;
			attributes = {
				LastUpgradeCheck = 0630;
				ORGANIZATIONNAME = "Xeporing Chen";
				TargetAttributes = {
					D93C25AE1B034B8300E98313 = {
						CreatedOnToolsVersion = 6.3.1;
					};
				};
			};
			buildConfigurationList = D93C25AA1B034B8300E98313 /* Build configuration list for PBXProject "DNSPing" */;
			compatibilityVersion = "Xcode 3.2";
			developmentRegion = English;
			hasScannedForEncodings = 0;
			knownRegions = (
				en,
			);
			mainGroup = D93C25A61B034B8300E98313;
			productRefGroup = D93C25B01B034B8300E98313 /* Products */;
			projectDirPath = "";
			projectRoot = "";
			targets = (
				D93C25AE1B034B8300E98313 /* DNSPing */,
			);
		};
/* End PBXProject section */

/* Begin PBXSourcesBuildPhase section */
		D93C25AB1B034B8300E98313 /* Sources */ = {
			isa = PBXSourcesBuildPhase;
			buildActionMask = 2147483647;
			files = (
				D93C25C11B034C2A00E98313 /* Process.cpp in Sources */,
				D93C25C71B034C4B00E98313 /* Terminal.cpp in Sources */,
				D93C25C31B034C2A00E98313 /* Resolver.cpp in Sources */,
				D93C25C21B034C2A00E98313 /* Protocol.cpp in Sources */,
				D93C25C91B034D9900E98313 /* Main.cpp in Sources */,
			);
			runOnlyForDeploymentPostprocessing = 0;
		};
/* End PBXSourcesBuildPhase section */

/* Begin XCBuildConfiguration section */
		D93C25B41B034B8300E98313 /* Debug */ = {
			isa = XCBuildConfiguration;
			buildSettings = {
				ALWAYS_SEARCH_USER_PATHS = NO;
				ARCHS = "$(ARCHS_STANDARD_32_64_BIT)";
				CLANG_CXX_LANGUAGE_STANDARD = "gnu++0x";
				CLANG_CXX_LIBRARY = "libc++";
				CLANG_ENABLE_MODULES = YES;
				CLANG_ENABLE_OBJC_ARC = YES;
				CLANG_WARN_BOOL_CONVERSION = YES;
				CLANG_WARN_CONSTANT_CONVERSION = YES;
				CLANG_WARN_DIRECT_OBJC_ISA_USAGE = YES_ERROR;
				CLANG_WARN_EMPTY_BODY = YES;
				CLANG_WARN_ENUM_CONVERSION = YES;
				CLANG_WARN_INT_CONVERSION = YES;
				CLANG_WARN_OBJC_ROOT_CLASS = YES_ERROR;
				CLANG_WARN_UNREACHABLE_CODE = YES;
				CLANG_WARN__DUPLICATE_METHOD_MATCH = YES;
				COPY_PHASE_STRIP = NO;
				DEBUG_INFORMATION_FORMAT = dwarf;
				ENABLE_STRICT_OBJC_MSGSEND = YES;
				GCC_C_LANGUAGE_STANDARD = c11;
				GCC_DYNAMIC_NO_PIC = NO;
				GCC_NO_COMMON_BLOCKS = YES;
				GCC_OPTIMIZATION_LEVEL = 0;
				GCC_PREPROCESSOR_DEFINITIONS = (
					"DEBUG=1",
					"$(inherited)",
				);
				GCC_SYMBOLS_PRIVATE_EXTERN = NO;
				GCC_WARN_64_TO_32_BIT_CONVERSION = YES;
				GCC_WARN_ABOUT_RETURN_TYPE = YES_ERROR;
				GCC_WARN_UNDECLARED_SELECTOR = YES;
				GCC_WARN_UNINITIALIZED_AUTOS = YES_AGGRESSIVE;
				GCC_WARN_UNUSED_FUNCTION = YES;
				GCC_WARN_UNUSED_VARIABLE = YES;
				MACOSX_DEPLOYMENT_TARGET = 10.7;
				MTL_ENABLE_DEBUG_INFO = YES;
				ONLY_ACTIVE_ARCH = YES;
				SDKROOT = macosx;
			};
			name = Debug;
		};
		D93C25B51B034B8300E98313 /* Release */ = {
			isa = XCBuildConfiguration;
			buildSettings = {
				ALWAYS_SEARCH_USER_PATHS = NO;
				ARCHS = "$(ARCHS_STANDARD_32_64_BIT)";
				CLANG_CXX_LANGUAGE_STANDARD = "gnu++0x";
				CLANG_CXX_LIBRARY = "libc++";
				CLANG_ENABLE_MODULES = YES;
				CLANG_ENABLE_OBJC_ARC = YES;
				CLANG_WARN_BOOL_CONVERSION = YES;
				CLANG_WARN_CONSTANT_CONVERSION = YES;
				CLANG_WARN_DIRECT_OBJC_ISA_USAGE = YES_ERROR;
				CLANG_WARN_EMPTY_BODY = YES;
				CLANG_WARN_ENUM_CONVERSION = YES;
				CLANG_WARN_INT_CONVERSION = YES;
				CLANG_WARN_OBJC_ROOT_CLASS = YES_ERROR;
				CLANG_WARN_UNREACHABLE_CODE = YES;
				CLANG_WARN__DUPLICATE_METHOD_MATCH = YES;
				COPY_PHASE_STRIP = NO;
				DEBUG_INFORMATION_FORMAT = "dwarf-with-dsym";
				ENABLE_NS_ASSERTIONS = NO;
				ENABLE_STRICT_OBJC_MSGSEND = YES;
				GCC_C_LANGUAGE_STANDARD = c11;
				GCC_NO_COMMON_BLOCKS = YES;
				GCC_WARN_64_TO_32_BIT_CONVERSION = YES;
				GCC_WARN_ABOUT_RETURN_TYPE = YES_ERROR;
				GCC_WARN_UNDECLARED_SELECTOR = YES;
				GCC_WARN_UNINITIALIZED_AUTOS = YES_AGGRESSIVE;
				GCC_WARN_UNUSED_FUNCTION = YES;
				GCC_WARN_UNUSED_VARIABLE = YES;
				MACOSX_DEPLOYMENT_TARGET = 10.7;
				MTL_ENABLE_DEBUG_INFO = NO;
				SDKROOT = macosx;
			};
			name = Release;
		};
		D93C25B71B034B8300E98313 /* Debug */ = {
			isa = XCBuildConfiguration;
			buildSettings = {
				PRODUCT_NAME = "$(TARGET_NAME)";
			};
			name = Debug;
		};
		D93C25B81B034B8300E98313 /* Release */ = {
			isa = XCBuildConfiguration;
			buildSettings = {
				PRODUCT_NAME = "$(TARGET_NAME)";
			};
			name = Release;
		};
/* End XCBuildConfiguration section */

/* Begin XCConfigurationList section */
		D93C25AA1B034B8300E98313 /* Build configuration list for PBXProject "DNSPing" */ = {
			isa = XCConfigurationList;
			buildConfigurations = (
				D93C25B41B034B8300E98313 /* Debug */,
				D93C25B51B034B8300E98313 /* Release */,
			);
			defaultConfigurationIsVisible = 0;
			defaultConfigurationName = Release;
		};
		D93C25B61B034B8300E98313 /* Build configuration list for PBXNativeTarget "DNSPing" */ = {
			isa = XCConfigurationList;
			buildConfigurations = (
				D93C25B71B034B8300E98313 /* Debug */,
				D93C25B81B034B8300E98313 /* Release */,
			);
			defaultConfigurationIsVisible = 0;
			defaultConfigurationName = Release;
		};
/* End XCConfigurationList section */
	};
	rootObject = D93C25A71B034B8300E98313 /* Project object */;
}
