
Microsoft Visual Studio Solution File, Format Version 12.00
# Visual Studio 14
VisualStudioVersion = 14.0.25123.0
MinimumVisualStudioVersion = 10.0.40219.1
Project("{8BC9CEB8-8B4A-11D0-8D11-00A0C91BC942}") = "Toolkit", "Toolkit\Toolkit.vcxproj", "{6983A209-96E6-42A9-A03E-5D5CF7E9E0DB}"
	ProjectSection(ProjectDependencies) = postProject
		{E65C4C70-40DF-48E8-9FE1-52DD7D003558} = {E65C4C70-40DF-48E8-9FE1-52DD7D003558}
		{FF687DB1-F731-4E73-82BF-6B4BF23D52E6} = {FF687DB1-F731-4E73-82BF-6B4BF23D52E6}
	EndProjectSection
EndProject
Project("{8BC9CEB8-8B4A-11D0-8D11-00A0C91BC942}") = "DNSPing", "DNSPing\DNSPing.vcxproj", "{FF687DB1-F731-4E73-82BF-6B4BF23D52E6}"
EndProject
Project("{8BC9CEB8-8B4A-11D0-8D11-00A0C91BC942}") = "FileHash", "FileHash\FileHash.vcxproj", "{E65C4C70-40DF-48E8-9FE1-52DD7D003558}"
EndProject
Project("{2150E333-8FDC-42A3-9474-1A3956D46DE8}") = "Documents", "Documents", "{F62DF33C-B875-4FE2-B65F-144BEE5A9E52}"
	ProjectSection(SolutionItems) = preProject
		Documents\ReadMe(zh_Hans).txt = Documents\ReadMe(zh_Hans).txt
		Documents\ReadMe(zh_Hant).txt = Documents\ReadMe(zh_Hant).txt
		Documents\ReadMe.txt = Documents\ReadMe.txt
	EndProjectSection
EndProject
Project("{2150E333-8FDC-42A3-9474-1A3956D46DE8}") = "Resources", "Resources", "{4264ADEE-DC69-4664-B7C8-FF40408066B7}"
	ProjectSection(SolutionItems) = preProject
		CMake_Build.sh = CMake_Build.sh
		CMakeLists.txt = CMakeLists.txt
	EndProjectSection
EndProject
Global
	GlobalSection(SolutionConfigurationPlatforms) = preSolution
		Debug|x64 = Debug|x64
		Debug|x86 = Debug|x86
		Release_XP|x64 = Release_XP|x64
		Release_XP|x86 = Release_XP|x86
		Release|x64 = Release|x64
		Release|x86 = Release|x86
	EndGlobalSection
	GlobalSection(ProjectConfigurationPlatforms) = postSolution
		{6983A209-96E6-42A9-A03E-5D5CF7E9E0DB}.Debug|x64.ActiveCfg = Debug|x64
		{6983A209-96E6-42A9-A03E-5D5CF7E9E0DB}.Debug|x64.Build.0 = Debug|x64
		{6983A209-96E6-42A9-A03E-5D5CF7E9E0DB}.Debug|x86.ActiveCfg = Debug|Win32
		{6983A209-96E6-42A9-A03E-5D5CF7E9E0DB}.Debug|x86.Build.0 = Debug|Win32
		{6983A209-96E6-42A9-A03E-5D5CF7E9E0DB}.Release_XP|x64.ActiveCfg = Release|x64
		{6983A209-96E6-42A9-A03E-5D5CF7E9E0DB}.Release_XP|x64.Build.0 = Release|x64
		{6983A209-96E6-42A9-A03E-5D5CF7E9E0DB}.Release_XP|x86.ActiveCfg = Release|Win32
		{6983A209-96E6-42A9-A03E-5D5CF7E9E0DB}.Release_XP|x86.Build.0 = Release|Win32
		{6983A209-96E6-42A9-A03E-5D5CF7E9E0DB}.Release|x64.ActiveCfg = Release|x64
		{6983A209-96E6-42A9-A03E-5D5CF7E9E0DB}.Release|x64.Build.0 = Release|x64
		{6983A209-96E6-42A9-A03E-5D5CF7E9E0DB}.Release|x86.ActiveCfg = Release|Win32
		{6983A209-96E6-42A9-A03E-5D5CF7E9E0DB}.Release|x86.Build.0 = Release|Win32
		{FF687DB1-F731-4E73-82BF-6B4BF23D52E6}.Debug|x64.ActiveCfg = Debug|x64
		{FF687DB1-F731-4E73-82BF-6B4BF23D52E6}.Debug|x64.Build.0 = Debug|x64
		{FF687DB1-F731-4E73-82BF-6B4BF23D52E6}.Debug|x86.ActiveCfg = Debug|Win32
		{FF687DB1-F731-4E73-82BF-6B4BF23D52E6}.Debug|x86.Build.0 = Debug|Win32
		{FF687DB1-F731-4E73-82BF-6B4BF23D52E6}.Release_XP|x64.ActiveCfg = Release_XP|x64
		{FF687DB1-F731-4E73-82BF-6B4BF23D52E6}.Release_XP|x64.Build.0 = Release_XP|x64
		{FF687DB1-F731-4E73-82BF-6B4BF23D52E6}.Release_XP|x86.ActiveCfg = Release_XP|Win32
		{FF687DB1-F731-4E73-82BF-6B4BF23D52E6}.Release_XP|x86.Build.0 = Release_XP|Win32
		{FF687DB1-F731-4E73-82BF-6B4BF23D52E6}.Release|x64.ActiveCfg = Release|x64
		{FF687DB1-F731-4E73-82BF-6B4BF23D52E6}.Release|x64.Build.0 = Release|x64
		{FF687DB1-F731-4E73-82BF-6B4BF23D52E6}.Release|x86.ActiveCfg = Release|Win32
		{FF687DB1-F731-4E73-82BF-6B4BF23D52E6}.Release|x86.Build.0 = Release|Win32
		{E65C4C70-40DF-48E8-9FE1-52DD7D003558}.Debug|x64.ActiveCfg = Debug|x64
		{E65C4C70-40DF-48E8-9FE1-52DD7D003558}.Debug|x64.Build.0 = Debug|x64
		{E65C4C70-40DF-48E8-9FE1-52DD7D003558}.Debug|x86.ActiveCfg = Debug|Win32
		{E65C4C70-40DF-48E8-9FE1-52DD7D003558}.Debug|x86.Build.0 = Debug|Win32
		{E65C4C70-40DF-48E8-9FE1-52DD7D003558}.Release_XP|x64.ActiveCfg = Release_XP|x64
		{E65C4C70-40DF-48E8-9FE1-52DD7D003558}.Release_XP|x64.Build.0 = Release_XP|x64
		{E65C4C70-40DF-48E8-9FE1-52DD7D003558}.Release_XP|x86.ActiveCfg = Release_XP|Win32
		{E65C4C70-40DF-48E8-9FE1-52DD7D003558}.Release_XP|x86.Build.0 = Release_XP|Win32
		{E65C4C70-40DF-48E8-9FE1-52DD7D003558}.Release|x64.ActiveCfg = Release|x64
		{E65C4C70-40DF-48E8-9FE1-52DD7D003558}.Release|x64.Build.0 = Release|x64
		{E65C4C70-40DF-48E8-9FE1-52DD7D003558}.Release|x86.ActiveCfg = Release|Win32
		{E65C4C70-40DF-48E8-9FE1-52DD7D003558}.Release|x86.Build.0 = Release|Win32
	EndGlobalSection
	GlobalSection(SolutionProperties) = preSolution
		HideSolutionNode = FALSE
	EndGlobalSection
EndGlobal
